
Microsoft Visual Studio Solution File, Format Version 12.00
# Visual Studio Version 17
VisualStudioVersion = 17.5.33516.290
MinimumVisualStudioVersion = 10.0.40219.1
Project("{FAE04EC0-301F-11D3-BF4B-00C04F79EFBC}") = "Notes.UWP", "Notes.UWP\Notes.UWP.csproj", "{1B18018A-01EC-4462-9745-3CD01DEF1CB4}"
EndProject
Project("{FAE04EC0-301F-11D3-BF4B-00C04F79EFBC}") = "Notes.Android", "Notes.Android\Notes.Android.csproj", "{22E5702A-03C1-42D4-8E28-9A4953F0C891}"
EndProject
Project("{FAE04EC0-301F-11D3-BF4B-00C04F79EFBC}") = "Notes.iOS", "Notes.iOS\Notes.iOS.csproj", "{89370095-9BC0-4407-BA5B-BAC7C64AAE61}"
EndProject
Project("{FAE04EC0-301F-11D3-BF4B-00C04F79EFBC}") = "Notes", "Notes\Notes.csproj", "{921019BC-4C1F-4BE5-AF01-A97AA7F5018E}"
EndProject
Global
	GlobalSection(SolutionConfigurationPlatforms) = preSolution
		Debug|Any CPU = Debug|Any CPU
		Debug|ARM = Debug|ARM
		Debug|iPhone = Debug|iPhone
		Debug|iPhoneSimulator = Debug|iPhoneSimulator
		Debug|x64 = Debug|x64
		Debug|x86 = Debug|x86
		Release|Any CPU = Release|Any CPU
		Release|ARM = Release|ARM
		Release|iPhone = Release|iPhone
		Release|iPhoneSimulator = Release|iPhoneSimulator
		Release|x64 = Release|x64
		Release|x86 = Release|x86
	EndGlobalSection
	GlobalSection(ProjectConfigurationPlatforms) = postSolution
		{1B18018A-01EC-4462-9745-3CD01DEF1CB4}.Debug|Any CPU.ActiveCfg = Debug|x64
		{1B18018A-01EC-4462-9745-3CD01DEF1CB4}.Debug|Any CPU.Build.0 = Debug|x64
		{1B18018A-01EC-4462-9745-3CD01DEF1CB4}.Debug|Any CPU.Deploy.0 = Debug|x64
		{1B18018A-01EC-4462-9745-3CD01DEF1CB4}.Debug|ARM.ActiveCfg = Debug|ARM
		{1B18018A-01EC-4462-9745-3CD01DEF1CB4}.Debug|ARM.Build.0 = Debug|ARM
		{1B18018A-01EC-4462-9745-3CD01DEF1CB4}.Debug|ARM.Deploy.0 = Debug|ARM
		{1B18018A-01EC-4462-9745-3CD01DEF1CB4}.Debug|iPhone.ActiveCfg = Debug|x64
		{1B18018A-01EC-4462-9745-3CD01DEF1CB4}.Debug|iPhone.Build.0 = Debug|x64
		{1B18018A-01EC-4462-9745-3CD01DEF1CB4}.Debug|iPhone.Deploy.0 = Debug|x64
		{1B18018A-01EC-4462-9745-3CD01DEF1CB4}.Debug|iPhoneSimulator.ActiveCfg = Debug|x64
		{1B18018A-01EC-4462-9745-3CD01DEF1CB4}.Debug|iPhoneSimulator.Build.0 = Debug|x64
		{1B18018A-01EC-4462-9745-3CD01DEF1CB4}.Debug|iPhoneSimulator.Deploy.0 = Debug|x64
		{1B18018A-01EC-4462-9745-3CD01DEF1CB4}.Debug|x64.ActiveCfg = Debug|x64
		{1B18018A-01EC-4462-9745-3CD01DEF1CB4}.Debug|x64.Build.0 = Debug|x64
		{1B18018A-01EC-4462-9745-3CD01DEF1CB4}.Debug|x64.Deploy.0 = Debug|x64
		{1B18018A-01EC-4462-9745-3CD01DEF1CB4}.Debug|x86.ActiveCfg = Debug|x86
		{1B18018A-01EC-4462-9745-3CD01DEF1CB4}.Debug|x86.Build.0 = Debug|x86
		{1B18018A-01EC-4462-9745-3CD01DEF1CB4}.Debug|x86.Deploy.0 = Debug|x86
		{1B18018A-01EC-4462-9745-3CD01DEF1CB4}.Release|Any CPU.ActiveCfg = Release|x64
		{1B18018A-01EC-4462-9745-3CD01DEF1CB4}.Release|Any CPU.Build.0 = Release|x64
		{1B18018A-01EC-4462-9745-3CD01DEF1CB4}.Release|Any CPU.Deploy.0 = Release|x64
		{1B18018A-01EC-4462-9745-3CD01DEF1CB4}.Release|ARM.ActiveCfg = Release|ARM
		{1B18018A-01EC-4462-9745-3CD01DEF1CB4}.Release|ARM.Build.0 = Release|ARM
		{1B18018A-01EC-4462-9745-3CD01DEF1CB4}.Release|ARM.Deploy.0 = Release|ARM
		{1B18018A-01EC-4462-9745-3CD01DEF1CB4}.Release|iPhone.ActiveCfg = Release|x64
		{1B18018A-01EC-4462-9745-3CD01DEF1CB4}.Release|iPhone.Build.0 = Release|x64
		{1B18018A-01EC-4462-9745-3CD01DEF1CB4}.Release|iPhone.Deploy.0 = Release|x64
		{1B18018A-01EC-4462-9745-3CD01DEF1CB4}.Release|iPhoneSimulator.ActiveCfg = Release|x64
		{1B18018A-01EC-4462-9745-3CD01DEF1CB4}.Release|iPhoneSimulator.Build.0 = Release|x64
		{1B18018A-01EC-4462-9745-3CD01DEF1CB4}.Release|iPhoneSimulator.Deploy.0 = Release|x64
		{1B18018A-01EC-4462-9745-3CD01DEF1CB4}.Release|x64.ActiveCfg = Release|x64
		{1B18018A-01EC-4462-9745-3CD01DEF1CB4}.Release|x64.Build.0 = Release|x64
		{1B18018A-01EC-4462-9745-3CD01DEF1CB4}.Release|x64.Deploy.0 = Release|x64
		{1B18018A-01EC-4462-9745-3CD01DEF1CB4}.Release|x86.ActiveCfg = Release|x86
		{1B18018A-01EC-4462-9745-3CD01DEF1CB4}.Release|x86.Build.0 = Release|x86
		{1B18018A-01EC-4462-9745-3CD01DEF1CB4}.Release|x86.Deploy.0 = Release|x86
		{22E5702A-03C1-42D4-8E28-9A4953F0C891}.Debug|Any CPU.ActiveCfg = Debug|Any CPU
		{22E5702A-03C1-42D4-8E28-9A4953F0C891}.Debug|Any CPU.Build.0 = Debug|Any CPU
		{22E5702A-03C1-42D4-8E28-9A4953F0C891}.Debug|Any CPU.Deploy.0 = Debug|Any CPU
		{22E5702A-03C1-42D4-8E28-9A4953F0C891}.Debug|ARM.ActiveCfg = Debug|Any CPU
		{22E5702A-03C1-42D4-8E28-9A4953F0C891}.Debug|ARM.Build.0 = Debug|Any CPU
		{22E5702A-03C1-42D4-8E28-9A4953F0C891}.Debug|ARM.Deploy.0 = Debug|Any CPU
		{22E5702A-03C1-42D4-8E28-9A4953F0C891}.Debug|iPhone.ActiveCfg = Debug|Any CPU
		{22E5702A-03C1-42D4-8E28-9A4953F0C891}.Debug|iPhone.Build.0 = Debug|Any CPU
		{22E5702A-03C1-42D4-8E28-9A4953F0C891}.Debug|iPhone.Deploy.0 = Debug|Any CPU
		{22E5702A-03C1-42D4-8E28-9A4953F0C891}.Debug|iPhoneSimulator.ActiveCfg = Debug|Any CPU
		{22E5702A-03C1-42D4-8E28-9A4953F0C891}.Debug|iPhoneSimulator.Build.0 = Debug|Any CPU
		{22E5702A-03C1-42D4-8E28-9A4953F0C891}.Debug|iPhoneSimulator.Deploy.0 = Debug|Any CPU
		{22E5702A-03C1-42D4-8E28-9A4953F0C891}.Debug|x64.ActiveCfg = Debug|Any CPU
		{22E5702A-03C1-42D4-8E28-9A4953F0C891}.Debug|x64.Build.0 = Debug|Any CPU
		{22E5702A-03C1-42D4-8E28-9A4953F0C891}.Debug|x64.Deploy.0 = Debug|Any CPU
		{22E5702A-03C1-42D4-8E28-9A4953F0C891}.Debug|x86.ActiveCfg = Debug|Any CPU
		{22E5702A-03C1-42D4-8E28-9A4953F0C891}.Debug|x86.Build.0 = Debug|Any CPU
		{22E5702A-03C1-42D4-8E28-9A4953F0C891}.Debug|x86.Deploy.0 = Debug|Any CPU
		{22E5702A-03C1-42D4-8E28-9A4953F0C891}.Release|Any CPU.ActiveCfg = Release|Any CPU
		{22E5702A-03C1-42D4-8E28-9A4953F0C891}.Release|Any CPU.Build.0 = Release|Any CPU
		{22E5702A-03C1-42D4-8E28-9A4953F0C891}.Release|Any CPU.Deploy.0 = Release|Any CPU
		{22E5702A-03C1-42D4-8E28-9A4953F0C891}.Release|ARM.ActiveCfg = Release|Any CPU
		{22E5702A-03C1-42D4-8E28-9A4953F0C891}.Release|ARM.Build.0 = Release|Any CPU
		{22E5702A-03C1-42D4-8E28-9A4953F0C891}.Release|ARM.Deploy.0 = Release|Any CPU
		{22E5702A-03C1-42D4-8E28-9A4953F0C891}.Release|iPhone.ActiveCfg = Release|Any CPU
		{22E5702A-03C1-42D4-8E28-9A4953F0C891}.Release|iPhone.Build.0 = Release|Any CPU
		{22E5702A-03C1-42D4-8E28-9A4953F0C891}.Release|iPhone.Deploy.0 = Release|Any CPU
		{22E5702A-03C1-42D4-8E28-9A4953F0C891}.Release|iPhoneSimulator.ActiveCfg = Release|Any CPU
		{22E5702A-03C1-42D4-8E28-9A4953F0C891}.Release|iPhoneSimulator.Build.0 = Release|Any CPU
		{22E5702A-03C1-42D4-8E28-9A4953F0C891}.Release|iPhoneSimulator.Deploy.0 = Release|Any CPU
		{22E5702A-03C1-42D4-8E28-9A4953F0C891}.Release|x64.ActiveCfg = Release|Any CPU
		{22E5702A-03C1-42D4-8E28-9A4953F0C891}.Release|x64.Build.0 = Release|Any CPU
		{22E5702A-03C1-42D4-8E28-9A4953F0C891}.Release|x64.Deploy.0 = Release|Any CPU
		{22E5702A-03C1-42D4-8E28-9A4953F0C891}.Release|x86.ActiveCfg = Release|Any CPU
		{22E5702A-03C1-42D4-8E28-9A4953F0C891}.Release|x86.Build.0 = Release|Any CPU
		{22E5702A-03C1-42D4-8E28-9A4953F0C891}.Release|x86.Deploy.0 = Release|Any CPU
		{89370095-9BC0-4407-BA5B-BAC7C64AAE61}.Debug|Any CPU.ActiveCfg = Debug|iPhoneSimulator
		{89370095-9BC0-4407-BA5B-BAC7C64AAE61}.Debug|Any CPU.Build.0 = Debug|iPhoneSimulator
		{89370095-9BC0-4407-BA5B-BAC7C64AAE61}.Debug|Any CPU.Deploy.0 = Debug|iPhoneSimulator
		{89370095-9BC0-4407-BA5B-BAC7C64AAE61}.Debug|ARM.ActiveCfg = Debug|iPhoneSimulator
		{89370095-9BC0-4407-BA5B-BAC7C64AAE61}.Debug|ARM.Build.0 = Debug|iPhoneSimulator
		{89370095-9BC0-4407-BA5B-BAC7C64AAE61}.Debug|ARM.Deploy.0 = Debug|iPhoneSimulator
		{89370095-9BC0-4407-BA5B-BAC7C64AAE61}.Debug|iPhone.ActiveCfg = Debug|iPhone
		{89370095-9BC0-4407-BA5B-BAC7C64AAE61}.Debug|iPhone.Build.0 = Debug|iPhone
		{89370095-9BC0-4407-BA5B-BAC7C64AAE61}.Debug|iPhone.Deploy.0 = Debug|iPhone
		{89370095-9BC0-4407-BA5B-BAC7C64AAE61}.Debug|iPhoneSimulator.ActiveCfg = Debug|iPhoneSimulator
		{89370095-9BC0-4407-BA5B-BAC7C64AAE61}.Debug|iPhoneSimulator.Build.0 = Debug|iPhoneSimulator
		{89370095-9BC0-4407-BA5B-BAC7C64AAE61}.Debug|iPhoneSimulator.Deploy.0 = Debug|iPhoneSimulator
		{89370095-9BC0-4407-BA5B-BAC7C64AAE61}.Debug|x64.ActiveCfg = Debug|iPhone
		{89370095-9BC0-4407-BA5B-BAC7C64AAE61}.Debug|x64.Build.0 = Debug|iPhone
		{89370095-9BC0-4407-BA5B-BAC7C64AAE61}.Debug|x64.Deploy.0 = Debug|iPhone
		{89370095-9BC0-4407-BA5B-BAC7C64AAE61}.Debug|x86.ActiveCfg = Debug|iPhoneSimulator
		{89370095-9BC0-4407-BA5B-BAC7C64AAE61}.Debug|x86.Build.0 = Debug|iPhoneSimulator
		{89370095-9BC0-4407-BA5B-BAC7C64AAE61}.Debug|x86.Deploy.0 = Debug|iPhoneSimulator
		{89370095-9BC0-4407-BA5B-BAC7C64AAE61}.Release|Any CPU.ActiveCfg = Release|iPhoneSimulator
		{89370095-9BC0-4407-BA5B-BAC7C64AAE61}.Release|Any CPU.Build.0 = Release|iPhoneSimulator
		{89370095-9BC0-4407-BA5B-BAC7C64AAE61}.Release|Any CPU.Deploy.0 = Release|iPhoneSimulator
		{89370095-9BC0-4407-BA5B-BAC7C64AAE61}.Release|ARM.ActiveCfg = Release|iPhoneSimulator
		{89370095-9BC0-4407-BA5B-BAC7C64AAE61}.Release|ARM.Build.0 = Release|iPhoneSimulator
		{89370095-9BC0-4407-BA5B-BAC7C64AAE61}.Release|ARM.Deploy.0 = Release|iPhoneSimulator
		{89370095-9BC0-4407-BA5B-BAC7C64AAE61}.Release|iPhone.ActiveCfg = Release|iPhone
		{89370095-9BC0-4407-BA5B-BAC7C64AAE61}.Release|iPhone.Build.0 = Release|iPhone
		{89370095-9BC0-4407-BA5B-BAC7C64AAE61}.Release|iPhone.Deploy.0 = Release|iPhone
		{89370095-9BC0-4407-BA5B-BAC7C64AAE61}.Release|iPhoneSimulator.ActiveCfg = Release|iPhoneSimulator
		{89370095-9BC0-4407-BA5B-BAC7C64AAE61}.Release|iPhoneSimulator.Build.0 = Release|iPhoneSimulator
		{89370095-9BC0-4407-BA5B-BAC7C64AAE61}.Release|iPhoneSimulator.Deploy.0 = Release|iPhoneSimulator
		{89370095-9BC0-4407-BA5B-BAC7C64AAE61}.Release|x64.ActiveCfg = Release|iPhoneSimulator
		{89370095-9BC0-4407-BA5B-BAC7C64AAE61}.Release|x64.Build.0 = Release|iPhoneSimulator
		{89370095-9BC0-4407-BA5B-BAC7C64AAE61}.Release|x64.Deploy.0 = Release|iPhoneSimulator
		{89370095-9BC0-4407-BA5B-BAC7C64AAE61}.Release|x86.ActiveCfg = Release|iPhoneSimulator
		{89370095-9BC0-4407-BA5B-BAC7C64AAE61}.Release|x86.Build.0 = Release|iPhoneSimulator
		{89370095-9BC0-4407-BA5B-BAC7C64AAE61}.Release|x86.Deploy.0 = Release|iPhoneSimulator
		{921019BC-4C1F-4BE5-AF01-A97AA7F5018E}.Debug|Any CPU.ActiveCfg = Debug|Any CPU
		{921019BC-4C1F-4BE5-AF01-A97AA7F5018E}.Debug|Any CPU.Build.0 = Debug|Any CPU
		{921019BC-4C1F-4BE5-AF01-A97AA7F5018E}.Debug|Any CPU.Deploy.0 = Debug|Any CPU
		{921019BC-4C1F-4BE5-AF01-A97AA7F5018E}.Debug|ARM.ActiveCfg = Debug|Any CPU
		{921019BC-4C1F-4BE5-AF01-A97AA7F5018E}.Debug|ARM.Build.0 = Debug|Any CPU
		{921019BC-4C1F-4BE5-AF01-A97AA7F5018E}.Debug|ARM.Deploy.0 = Debug|Any CPU
		{921019BC-4C1F-4BE5-AF01-A97AA7F5018E}.Debug|iPhone.ActiveCfg = Debug|Any CPU
		{921019BC-4C1F-4BE5-AF01-A97AA7F5018E}.Debug|iPhone.Build.0 = Debug|Any CPU
		{921019BC-4C1F-4BE5-AF01-A97AA7F5018E}.Debug|iPhone.Deploy.0 = Debug|Any CPU
		{921019BC-4C1F-4BE5-AF01-A97AA7F5018E}.Debug|iPhoneSimulator.ActiveCfg = Debug|Any CPU
		{921019BC-4C1F-4BE5-AF01-A97AA7F5018E}.Debug|iPhoneSimulator.Build.0 = Debug|Any CPU
		{921019BC-4C1F-4BE5-AF01-A97AA7F5018E}.Debug|iPhoneSimulator.Deploy.0 = Debug|Any CPU
		{921019BC-4C1F-4BE5-AF01-A97AA7F5018E}.Debug|x64.ActiveCfg = Debug|Any CPU
		{921019BC-4C1F-4BE5-AF01-A97AA7F5018E}.Debug|x64.Build.0 = Debug|Any CPU
		{921019BC-4C1F-4BE5-AF01-A97AA7F5018E}.Debug|x64.Deploy.0 = Debug|Any CPU
		{921019BC-4C1F-4BE5-AF01-A97AA7F5018E}.Debug|x86.ActiveCfg = Debug|Any CPU
		{921019BC-4C1F-4BE5-AF01-A97AA7F5018E}.Debug|x86.Build.0 = Debug|Any CPU
		{921019BC-4C1F-4BE5-AF01-A97AA7F5018E}.Debug|x86.Deploy.0 = Debug|Any CPU
		{921019BC-4C1F-4BE5-AF01-A97AA7F5018E}.Release|Any CPU.ActiveCfg = Release|Any CPU
		{921019BC-4C1F-4BE5-AF01-A97AA7F5018E}.Release|Any CPU.Build.0 = Release|Any CPU
		{921019BC-4C1F-4BE5-AF01-A97AA7F5018E}.Release|Any CPU.Deploy.0 = Release|Any CPU
		{921019BC-4C1F-4BE5-AF01-A97AA7F5018E}.Release|ARM.ActiveCfg = Release|Any CPU
		{921019BC-4C1F-4BE5-AF01-A97AA7F5018E}.Release|ARM.Build.0 = Release|Any CPU
		{921019BC-4C1F-4BE5-AF01-A97AA7F5018E}.Release|ARM.Deploy.0 = Release|Any CPU
		{921019BC-4C1F-4BE5-AF01-A97AA7F5018E}.Release|iPhone.ActiveCfg = Release|Any CPU
		{921019BC-4C1F-4BE5-AF01-A97AA7F5018E}.Release|iPhone.Build.0 = Release|Any CPU
		{921019BC-4C1F-4BE5-AF01-A97AA7F5018E}.Release|iPhone.Deploy.0 = Release|Any CPU
		{921019BC-4C1F-4BE5-AF01-A97AA7F5018E}.Release|iPhoneSimulator.ActiveCfg = Release|Any CPU
		{921019BC-4C1F-4BE5-AF01-A97AA7F5018E}.Release|iPhoneSimulator.Build.0 = Release|Any CPU
		{921019BC-4C1F-4BE5-AF01-A97AA7F5018E}.Release|iPhoneSimulator.Deploy.0 = Release|Any CPU
		{921019BC-4C1F-4BE5-AF01-A97AA7F5018E}.Release|x64.ActiveCfg = Release|Any CPU
		{921019BC-4C1F-4BE5-AF01-A97AA7F5018E}.Release|x64.Build.0 = Release|Any CPU
		{921019BC-4C1F-4BE5-AF01-A97AA7F5018E}.Release|x64.Deploy.0 = Release|Any CPU
		{921019BC-4C1F-4BE5-AF01-A97AA7F5018E}.Release|x86.ActiveCfg = Release|Any CPU
		{921019BC-4C1F-4BE5-AF01-A97AA7F5018E}.Release|x86.Build.0 = Release|Any CPU
		{921019BC-4C1F-4BE5-AF01-A97AA7F5018E}.Release|x86.Deploy.0 = Release|Any CPU
	EndGlobalSection
	GlobalSection(SolutionProperties) = preSolution
		HideSolutionNode = FALSE
	EndGlobalSection
	GlobalSection(ExtensibilityGlobals) = postSolution
		SolutionGuid = {362CF6C8-46BD-4572-9735-28A2780433E1}
	EndGlobalSection
EndGlobal
